
Microsoft Visual Studio Solution File, Format Version 12.00
# Visual Studio 15
VisualStudioVersion = 15.0.26730.16
MinimumVisualStudioVersion = 10.0.40219.1
Project("{FAE04EC0-301F-11D3-BF4B-00C04F79EFBC}") = "wave", "wave.csproj", "{2BC16C01-048B-4B92-A387-5D14274E0904}"
EndProject
Global
	GlobalSection(SolutionConfigurationPlatforms) = preSolution
		Debug|x64 = Debug|x64
		Debug|x86 = Debug|x86
		Release|x64 = Release|x64
		Release|x86 = Release|x86
	EndGlobalSection
	GlobalSection(ProjectConfigurationPlatforms) = postSolution
		{2BC16C01-048B-4B92-A387-5D14274E0904}.Debug|x64.ActiveCfg = Release|x64
		{2BC16C01-048B-4B92-A387-5D14274E0904}.Debug|x64.Build.0 = Release|x64
		{2BC16C01-048B-4B92-A387-5D14274E0904}.Debug|x86.ActiveCfg = Debug|x86
		{2BC16C01-048B-4B92-A387-5D14274E0904}.Debug|x86.Build.0 = Debug|x86
		{2BC16C01-048B-4B92-A387-5D14274E0904}.Release|x64.ActiveCfg = Release|x64
		{2BC16C01-048B-4B92-A387-5D14274E0904}.Release|x64.Build.0 = Release|x64
		{2BC16C01-048B-4B92-A387-5D14274E0904}.Release|x86.ActiveCfg = Release|x86
		{2BC16C01-048B-4B92-A387-5D14274E0904}.Release|x86.Build.0 = Release|x86
	EndGlobalSection
	GlobalSection(SolutionProperties) = preSolution
		HideSolutionNode = FALSE
	EndGlobalSection
	GlobalSection(ExtensibilityGlobals) = postSolution
		SolutionGuid = {4FFF374E-87ED-478D-9C2F-A757F17338C2}
	EndGlobalSection
EndGlobal
